{
  "name": "producer-pal",
  "version": "2.0.0",
  "lockfileVersion": 3,
  "requires": true,
  "packages": {
    "": {
      "name": "producer-pal",
      "version": "2.0.0",
      "license": "GPL-3.0-or-later",
      "bin": {
        "producer-pal": "producer-pal-portal.js"
      },
      "engines": {
        "node": ">=20.0.0"
      }
    }
  }
}
